
Microsoft Visual Studio Solution File, Format Version 11.00
# Visual Studio 2010
Project("{8BC9CEB8-8B4A-11D0-8D11-00A0C91BC942}") = "ACW1", "ACW1.vcxproj", "{6E6ECEDF-DEA8-4A50-9B7A-00CCCE3842CA}"
EndProject
Global
	GlobalSection(SolutionConfigurationPlatforms) = preSolution
		Debug|Win32 = Debug|Win32
		Release|Win32 = Release|Win32
	EndGlobalSection
	GlobalSection(ProjectConfigurationPlatforms) = postSolution
		{6E6ECEDF-DEA8-4A50-9B7A-00CCCE3842CA}.Debug|Win32.ActiveCfg = Debug|Win32
		{6E6ECEDF-DEA8-4A50-9B7A-00CCCE3842CA}.Debug|Win32.Build.0 = Debug|Win32
		{6E6ECEDF-DEA8-4A50-9B7A-00CCCE3842CA}.Release|Win32.ActiveCfg = Release|Win32
		{6E6ECEDF-DEA8-4A50-9B7A-00CCCE3842CA}.Release|Win32.Build.0 = Release|Win32
	EndGlobalSection
	GlobalSection(SolutionProperties) = preSolution
		HideSolutionNode = FALSE
	EndGlobalSection
EndGlobal
